{
  "name": "be-spaceless",
  "version": "0.0.0",
  "lockfileVersion": 1,
  "requires": true,
  "dependencies": {
    "be-decorated": {
      "version": "0.0.52",
      "resolved": "https://registry.npmjs.org/be-decorated/-/be-decorated-0.0.52.tgz",
      "integrity": "sha512-O8zfdKEAcpjBekpJjV9MSU2ZqkRnOvHhzZ2KW/9u3+ylLCYgQl4nFeCSTjhFbesgm4io0ZBWk4+UEYZvCgV9Ig==",
      "requires": {
        "trans-render": "0.0.433",
        "xtal-element": "0.0.453"
      }
    },
    "trans-render": {
      "version": "0.0.433",
      "resolved": "https://registry.npmjs.org/trans-render/-/trans-render-0.0.433.tgz",
      "integrity": "sha512-LFntd5NhAnB2CZeDLGQNkYJgWOqxDdIou3pcFGMCSgzxcY+wGUcpgVBCsqtb8PHHtVwOV2QZiMzjy4KCEK0eAQ=="
    },
    "xtal-element": {
      "version": "0.0.453",
      "resolved": "https://registry.npmjs.org/xtal-element/-/xtal-element-0.0.453.tgz",
      "integrity": "sha512-pYfV5X4ZcjleMjdbCKbSf5uNZaLV5KoTMWRMfnI2kvexGOusRk1aWoqwYALvmxyLwRFSUgmCeILI4y6J3EPCng==",
      "requires": {
        "trans-render": "0.0.431"
      },
      "dependencies": {
        "trans-render": {
          "version": "0.0.431",
          "resolved": "https://registry.npmjs.org/trans-render/-/trans-render-0.0.431.tgz",
          "integrity": "sha512-usSiw3sLbaBqMxE0T6YczuiKhIB53wTlgjNP3sTho2157UT6LvTWkUf60vwx+lJ2wG2ZpRFZf8uvds+squ0uww=="
        }
      }
    }
  }
}
